// !$*UTF8*$!
{
	archiveVersion = 1;
	classes = {
	};
	objectVersion = 46;
	objects = {

/* Begin PBXBuildFile section */
		4B0B9FCC1ABE4D4B00973481 /* AppDelegate.swift in Sources */ = {isa = PBXBuildFile; fileRef = 4B0B9FCB1ABE4D4B00973481 /* AppDelegate.swift */; };
		4B0B9FCE1ABE4D4B00973481 /* ViewController.swift in Sources */ = {isa = PBXBuildFile; fileRef = 4B0B9FCD1ABE4D4B00973481 /* ViewController.swift */; };
		4B0B9FD11ABE4D4B00973481 /* Main.storyboard in Resources */ = {isa = PBXBuildFile; fileRef = 4B0B9FCF1ABE4D4B00973481 /* Main.storyboard */; };
		4B0B9FD31ABE4D4B00973481 /* Images.xcassets in Resources */ = {isa = PBXBuildFile; fileRef = 4B0B9FD21ABE4D4B00973481 /* Images.xcassets */; };
		4B0B9FD61ABE4D4B00973481 /* LaunchScreen.xib in Resources */ = {isa = PBXBuildFile; fileRef = 4B0B9FD41ABE4D4B00973481 /* LaunchScreen.xib */; };
		4B0B9FE21ABE4D4C00973481 /* _____swiftTests.swift in Sources */ = {isa = PBXBuildFile; fileRef = 4B0B9FE11ABE4D4C00973481 /* _____swiftTests.swift */; };
/* End PBXBuildFile section */

/* Begin PBXContainerItemProxy section */
		4B0B9FDC1ABE4D4C00973481 /* PBXContainerItemProxy */ = {
			isa = PBXContainerItemProxy;
			containerPortal = 4B0B9FBE1ABE4D4B00973481 /* Project object */;
			proxyType = 1;
			remoteGlobalIDString = 4B0B9FC51ABE4D4B00973481;
			remoteInfo = "指紋認証-swift";
		};
/* End PBXContainerItemProxy section */

/* Begin PBXFileReference section */
		4B0B9FC61ABE4D4B00973481 /* 指紋認証-swift.app */ = {isa = PBXFileReference; explicitFileType = wrapper.application; includeInIndex = 0; path = "指紋認証-swift.app"; sourceTree = BUILT_PRODUCTS_DIR; };
		4B0B9FCA1ABE4D4B00973481 /* Info.plist */ = {isa = PBXFileReference; lastKnownFileType = text.plist.xml; path = Info.plist; sourceTree = "<group>"; };
		4B0B9FCB1ABE4D4B00973481 /* AppDelegate.swift */ = {isa = PBXFileReference; lastKnownFileType = sourcecode.swift; path = AppDelegate.swift; sourceTree = "<group>"; };
		4B0B9FCD1ABE4D4B00973481 /* ViewController.swift */ = {isa = PBXFileReference; lastKnownFileType = sourcecode.swift; path = ViewController.swift; sourceTree = "<group>"; };
		4B0B9FD01ABE4D4B00973481 /* Base */ = {isa = PBXFileReference; lastKnownFileType = file.storyboard; name = Base; path = Base.lproj/Main.storyboard; sourceTree = "<group>"; };
		4B0B9FD21ABE4D4B00973481 /* Images.xcassets */ = {isa = PBXFileReference; lastKnownFileType = folder.assetcatalog; path = Images.xcassets; sourceTree = "<group>"; };
		4B0B9FD51ABE4D4B00973481 /* Base */ = {isa = PBXFileReference; lastKnownFileType = file.xib; name = Base; path = Base.lproj/LaunchScreen.xib; sourceTree = "<group>"; };
		4B0B9FDB1ABE4D4C00973481 /* 指紋認証-swiftTests.xctest */ = {isa = PBXFileReference; explicitFileType = wrapper.cfbundle; includeInIndex = 0; path = "指紋認証-swiftTests.xctest"; sourceTree = BUILT_PRODUCTS_DIR; };
		4B0B9FE01ABE4D4C00973481 /* Info.plist */ = {isa = PBXFileReference; lastKnownFileType = text.plist.xml; path = Info.plist; sourceTree = "<group>"; };
		4B0B9FE11ABE4D4C00973481 /* _____swiftTests.swift */ = {isa = PBXFileReference; lastKnownFileType = sourcecode.swift; path = "_____swiftTests.swift"; sourceTree = "<group>"; };
/* End PBXFileReference section */

/* Begin PBXFrameworksBuildPhase section */
		4B0B9FC31ABE4D4B00973481 /* Frameworks */ = {
			isa = PBXFrameworksBuildPhase;
			buildActionMask = 2147483647;
			files = (
			);
			runOnlyForDeploymentPostprocessing = 0;
		};
		4B0B9FD81ABE4D4C00973481 /* Frameworks */ = {
			isa = PBXFrameworksBuildPhase;
			buildActionMask = 2147483647;
			files = (
			);
			runOnlyForDeploymentPostprocessing = 0;
		};
/* End PBXFrameworksBuildPhase section */

/* Begin PBXGroup section */
		4B0B9FBD1ABE4D4B00973481 = {
			isa = PBXGroup;
			children = (
				4B0B9FC81ABE4D4B00973481 /* 指紋認証-swift */,
				4B0B9FDE1ABE4D4C00973481 /* 指紋認証-swiftTests */,
				4B0B9FC71ABE4D4B00973481 /* Products */,
			);
			sourceTree = "<group>";
		};
		4B0B9FC71ABE4D4B00973481 /* Products */ = {
			isa = PBXGroup;
			children = (
				4B0B9FC61ABE4D4B00973481 /* 指紋認証-swift.app */,
				4B0B9FDB1ABE4D4C00973481 /* 指紋認証-swiftTests.xctest */,
			);
			name = Products;
			sourceTree = "<group>";
		};
		4B0B9FC81ABE4D4B00973481 /* 指紋認証-swift */ = {
			isa = PBXGroup;
			children = (
				4B0B9FCB1ABE4D4B00973481 /* AppDelegate.swift */,
				4B0B9FCD1ABE4D4B00973481 /* ViewController.swift */,
				4B0B9FCF1ABE4D4B00973481 /* Main.storyboard */,
				4B0B9FD21ABE4D4B00973481 /* Images.xcassets */,
				4B0B9FD41ABE4D4B00973481 /* LaunchScreen.xib */,
				4B0B9FC91ABE4D4B00973481 /* Supporting Files */,
			);
			path = "指紋認証-swift";
			sourceTree = "<group>";
		};
		4B0B9FC91ABE4D4B00973481 /* Supporting Files */ = {
			isa = PBXGroup;
			children = (
				4B0B9FCA1ABE4D4B00973481 /* Info.plist */,
			);
			name = "Supporting Files";
			sourceTree = "<group>";
		};
		4B0B9FDE1ABE4D4C00973481 /* 指紋認証-swiftTests */ = {
			isa = PBXGroup;
			children = (
				4B0B9FE11ABE4D4C00973481 /* _____swiftTests.swift */,
				4B0B9FDF1ABE4D4C00973481 /* Supporting Files */,
			);
			path = "指紋認証-swiftTests";
			sourceTree = "<group>";
		};
		4B0B9FDF1ABE4D4C00973481 /* Supporting Files */ = {
			isa = PBXGroup;
			children = (
				4B0B9FE01ABE4D4C00973481 /* Info.plist */,
			);
			name = "Supporting Files";
			sourceTree = "<group>";
		};
/* End PBXGroup section */

/* Begin PBXNativeTarget section */
		4B0B9FC51ABE4D4B00973481 /* 指紋認証-swift */ = {
			isa = PBXNativeTarget;
			buildConfigurationList = 4B0B9FE51ABE4D4C00973481 /* Build configuration list for PBXNativeTarget "指紋認証-swift" */;
			buildPhases = (
				4B0B9FC21ABE4D4B00973481 /* Sources */,
				4B0B9FC31ABE4D4B00973481 /* Frameworks */,
				4B0B9FC41ABE4D4B00973481 /* Resources */,
			);
			buildRules = (
			);
			dependencies = (
			);
			name = "指紋認証-swift";
			productName = "指紋認証-swift";
			productReference = 4B0B9FC61ABE4D4B00973481 /* 指紋認証-swift.app */;
			productType = "com.apple.product-type.application";
		};
		4B0B9FDA1ABE4D4C00973481 /* 指紋認証-swiftTests */ = {
			isa = PBXNativeTarget;
			buildConfigurationList = 4B0B9FE81ABE4D4C00973481 /* Build configuration list for PBXNativeTarget "指紋認証-swiftTests" */;
			buildPhases = (
				4B0B9FD71ABE4D4C00973481 /* Sources */,
				4B0B9FD81ABE4D4C00973481 /* Frameworks */,
				4B0B9FD91ABE4D4C00973481 /* Resources */,
			);
			buildRules = (
			);
			dependencies = (
				4B0B9FDD1ABE4D4C00973481 /* PBXTargetDependency */,
			);
			name = "指紋認証-swiftTests";
			productName = "指紋認証-swiftTests";
			productReference = 4B0B9FDB1ABE4D4C00973481 /* 指紋認証-swiftTests.xctest */;
			productType = "com.apple.product-type.bundle.unit-test";
		};
/* End PBXNativeTarget section */

/* Begin PBXProject section */
		4B0B9FBE1ABE4D4B00973481 /* Project object */ = {
			isa = PBXProject;
			attributes = {
				LastUpgradeCheck = 0620;
				ORGANIZATIONNAME = mycompany;
				TargetAttributes = {
					4B0B9FC51ABE4D4B00973481 = {
						CreatedOnToolsVersion = 6.2;
					};
					4B0B9FDA1ABE4D4C00973481 = {
						CreatedOnToolsVersion = 6.2;
						TestTargetID = 4B0B9FC51ABE4D4B00973481;
					};
				};
			};
			buildConfigurationList = 4B0B9FC11ABE4D4B00973481 /* Build configuration list for PBXProject "指紋認証-swift" */;
			compatibilityVersion = "Xcode 3.2";
			developmentRegion = English;
			hasScannedForEncodings = 0;
			knownRegions = (
				en,
				Base,
			);
			mainGroup = 4B0B9FBD1ABE4D4B00973481;
			productRefGroup = 4B0B9FC71ABE4D4B00973481 /* Products */;
			projectDirPath = "";
			projectRoot = "";
			targets = (
				4B0B9FC51ABE4D4B00973481 /* 指紋認証-swift */,
				4B0B9FDA1ABE4D4C00973481 /* 指紋認証-swiftTests */,
			);
		};
/* End PBXProject section */

/* Begin PBXResourcesBuildPhase section */
		4B0B9FC41ABE4D4B00973481 /* Resources */ = {
			isa = PBXResourcesBuildPhase;
			buildActionMask = 2147483647;
			files = (
				4B0B9FD11ABE4D4B00973481 /* Main.storyboard in Resources */,
				4B0B9FD61ABE4D4B00973481 /* LaunchScreen.xib in Resources */,
				4B0B9FD31ABE4D4B00973481 /* Images.xcassets in Resources */,
			);
			runOnlyForDeploymentPostprocessing = 0;
		};
		4B0B9FD91ABE4D4C00973481 /* Resources */ = {
			isa = PBXResourcesBuildPhase;
			buildActionMask = 2147483647;
			files = (
			);
			runOnlyForDeploymentPostprocessing = 0;
		};
/* End PBXResourcesBuildPhase section */

/* Begin PBXSourcesBuildPhase section */
		4B0B9FC21ABE4D4B00973481 /* Sources */ = {
			isa = PBXSourcesBuildPhase;
			buildActionMask = 2147483647;
			files = (
				4B0B9FCE1ABE4D4B00973481 /* ViewController.swift in Sources */,
				4B0B9FCC1ABE4D4B00973481 /* AppDelegate.swift in Sources */,
			);
			runOnlyForDeploymentPostprocessing = 0;
		};
		4B0B9FD71ABE4D4C00973481 /* Sources */ = {
			isa = PBXSourcesBuildPhase;
			buildActionMask = 2147483647;
			files = (
				4B0B9FE21ABE4D4C00973481 /* _____swiftTests.swift in Sources */,
			);
			runOnlyForDeploymentPostprocessing = 0;
		};
/* End PBXSourcesBuildPhase section */

/* Begin PBXTargetDependency section */
		4B0B9FDD1ABE4D4C00973481 /* PBXTargetDependency */ = {
			isa = PBXTargetDependency;
			target = 4B0B9FC51ABE4D4B00973481 /* 指紋認証-swift */;
			targetProxy = 4B0B9FDC1ABE4D4C00973481 /* PBXContainerItemProxy */;
		};
/* End PBXTargetDependency section */

/* Begin PBXVariantGroup section */
		4B0B9FCF1ABE4D4B00973481 /* Main.storyboard */ = {
			isa = PBXVariantGroup;
			children = (
				4B0B9FD01ABE4D4B00973481 /* Base */,
			);
			name = Main.storyboard;
			sourceTree = "<group>";
		};
		4B0B9FD41ABE4D4B00973481 /* LaunchScreen.xib */ = {
			isa = PBXVariantGroup;
			children = (
				4B0B9FD51ABE4D4B00973481 /* Base */,
			);
			name = LaunchScreen.xib;
			sourceTree = "<group>";
		};
/* End PBXVariantGroup section */

/* Begin XCBuildConfiguration section */
		4B0B9FE31ABE4D4C00973481 /* Debug */ = {
			isa = XCBuildConfiguration;
			buildSettings = {
				ALWAYS_SEARCH_USER_PATHS = NO;
				CLANG_CXX_LANGUAGE_STANDARD = "gnu++0x";
				CLANG_CXX_LIBRARY = "libc++";
				CLANG_ENABLE_MODULES = YES;
				CLANG_ENABLE_OBJC_ARC = YES;
				CLANG_WARN_BOOL_CONVERSION = YES;
				CLANG_WARN_CONSTANT_CONVERSION = YES;
				CLANG_WARN_DIRECT_OBJC_ISA_USAGE = YES_ERROR;
				CLANG_WARN_EMPTY_BODY = YES;
				CLANG_WARN_ENUM_CONVERSION = YES;
				CLANG_WARN_INT_CONVERSION = YES;
				CLANG_WARN_OBJC_ROOT_CLASS = YES_ERROR;
				CLANG_WARN_UNREACHABLE_CODE = YES;
				CLANG_WARN__DUPLICATE_METHOD_MATCH = YES;
				"CODE_SIGN_IDENTITY[sdk=iphoneos*]" = "iPhone Developer";
				COPY_PHASE_STRIP = NO;
				ENABLE_STRICT_OBJC_MSGSEND = YES;
				GCC_C_LANGUAGE_STANDARD = gnu99;
				GCC_DYNAMIC_NO_PIC = NO;
				GCC_OPTIMIZATION_LEVEL = 0;
				GCC_PREPROCESSOR_DEFINITIONS = (
					"DEBUG=1",
					"$(inherited)",
				);
				GCC_SYMBOLS_PRIVATE_EXTERN = NO;
				GCC_WARN_64_TO_32_BIT_CONVERSION = YES;
				GCC_WARN_ABOUT_RETURN_TYPE = YES_ERROR;
				GCC_WARN_UNDECLARED_SELECTOR = YES;
				GCC_WARN_UNINITIALIZED_AUTOS = YES_AGGRESSIVE;
				GCC_WARN_UNUSED_FUNCTION = YES;
				GCC_WARN_UNUSED_VARIABLE = YES;
				IPHONEOS_DEPLOYMENT_TARGET = 8.2;
				MTL_ENABLE_DEBUG_INFO = YES;
				ONLY_ACTIVE_ARCH = YES;
				SDKROOT = iphoneos;
				SWIFT_OPTIMIZATION_LEVEL = "-Onone";
			};
			name = Debug;
		};
		4B0B9FE41ABE4D4C00973481 /* Release */ = {
			isa = XCBuildConfiguration;
			buildSettings = {
				ALWAYS_SEARCH_USER_PATHS = NO;
				CLANG_CXX_LANGUAGE_STANDARD = "gnu++0x";
				CLANG_CXX_LIBRARY = "libc++";
				CLANG_ENABLE_MODULES = YES;
				CLANG_ENABLE_OBJC_ARC = YES;
				CLANG_WARN_BOOL_CONVERSION = YES;
				CLANG_WARN_CONSTANT_CONVERSION = YES;
				CLANG_WARN_DIRECT_OBJC_ISA_USAGE = YES_ERROR;
				CLANG_WARN_EMPTY_BODY = YES;
				CLANG_WARN_ENUM_CONVERSION = YES;
				CLANG_WARN_INT_CONVERSION = YES;
				CLANG_WARN_OBJC_ROOT_CLASS = YES_ERROR;
				CLANG_WARN_UNREACHABLE_CODE = YES;
				CLANG_WARN__DUPLICATE_METHOD_MATCH = YES;
				"CODE_SIGN_IDENTITY[sdk=iphoneos*]" = "iPhone Developer";
				COPY_PHASE_STRIP = NO;
				ENABLE_NS_ASSERTIONS = NO;
				ENABLE_STRICT_OBJC_MSGSEND = YES;
				GCC_C_LANGUAGE_STANDARD = gnu99;
				GCC_WARN_64_TO_32_BIT_CONVERSION = YES;
				GCC_WARN_ABOUT_RETURN_TYPE = YES_ERROR;
				GCC_WARN_UNDECLARED_SELECTOR = YES;
				GCC_WARN_UNINITIALIZED_AUTOS = YES_AGGRESSIVE;
				GCC_WARN_UNUSED_FUNCTION = YES;
				GCC_WARN_UNUSED_VARIABLE = YES;
				IPHONEOS_DEPLOYMENT_TARGET = 8.2;
				MTL_ENABLE_DEBUG_INFO = NO;
				SDKROOT = iphoneos;
				VALIDATE_PRODUCT = YES;
			};
			name = Release;
		};
		4B0B9FE61ABE4D4C00973481 /* Debug */ = {
			isa = XCBuildConfiguration;
			buildSettings = {
				ASSETCATALOG_COMPILER_APPICON_NAME = AppIcon;
				INFOPLIST_FILE = "指紋認証-swift/Info.plist";
				LD_RUNPATH_SEARCH_PATHS = "$(inherited) @executable_path/Frameworks";
				PRODUCT_NAME = "$(TARGET_NAME)";
			};
			name = Debug;
		};
		4B0B9FE71ABE4D4C00973481 /* Release */ = {
			isa = XCBuildConfiguration;
			buildSettings = {
				ASSETCATALOG_COMPILER_APPICON_NAME = AppIcon;
				INFOPLIST_FILE = "指紋認証-swift/Info.plist";
				LD_RUNPATH_SEARCH_PATHS = "$(inherited) @executable_path/Frameworks";
				PRODUCT_NAME = "$(TARGET_NAME)";
			};
			name = Release;
		};
		4B0B9FE91ABE4D4C00973481 /* Debug */ = {
			isa = XCBuildConfiguration;
			buildSettings = {
				BUNDLE_LOADER = "$(TEST_HOST)";
				FRAMEWORK_SEARCH_PATHS = (
					"$(SDKROOT)/Developer/Library/Frameworks",
					"$(inherited)",
				);
				GCC_PREPROCESSOR_DEFINITIONS = (
					"DEBUG=1",
					"$(inherited)",
				);
				INFOPLIST_FILE = "指紋認証-swiftTests/Info.plist";
				LD_RUNPATH_SEARCH_PATHS = "$(inherited) @executable_path/Frameworks @loader_path/Frameworks";
				PRODUCT_NAME = "$(TARGET_NAME)";
				TEST_HOST = "$(BUILT_PRODUCTS_DIR)/指紋認証-swift.app/指紋認証-swift";
			};
			name = Debug;
		};
		4B0B9FEA1ABE4D4C00973481 /* Release */ = {
			isa = XCBuildConfiguration;
			buildSettings = {
				BUNDLE_LOADER = "$(TEST_HOST)";
				FRAMEWORK_SEARCH_PATHS = (
					"$(SDKROOT)/Developer/Library/Frameworks",
					"$(inherited)",
				);
				INFOPLIST_FILE = "指紋認証-swiftTests/Info.plist";
				LD_RUNPATH_SEARCH_PATHS = "$(inherited) @executable_path/Frameworks @loader_path/Frameworks";
				PRODUCT_NAME = "$(TARGET_NAME)";
				TEST_HOST = "$(BUILT_PRODUCTS_DIR)/指紋認証-swift.app/指紋認証-swift";
			};
			name = Release;
		};
/* End XCBuildConfiguration section */

/* Begin XCConfigurationList section */
		4B0B9FC11ABE4D4B00973481 /* Build configuration list for PBXProject "指紋認証-swift" */ = {
			isa = XCConfigurationList;
			buildConfigurations = (
				4B0B9FE31ABE4D4C00973481 /* Debug */,
				4B0B9FE41ABE4D4C00973481 /* Release */,
			);
			defaultConfigurationIsVisible = 0;
			defaultConfigurationName = Release;
		};
		4B0B9FE51ABE4D4C00973481 /* Build configuration list for PBXNativeTarget "指紋認証-swift" */ = {
			isa = XCConfigurationList;
			buildConfigurations = (
				4B0B9FE61ABE4D4C00973481 /* Debug */,
				4B0B9FE71ABE4D4C00973481 /* Release */,
			);
			defaultConfigurationIsVisible = 0;
		};
		4B0B9FE81ABE4D4C00973481 /* Build configuration list for PBXNativeTarget "指紋認証-swiftTests" */ = {
			isa = XCConfigurationList;
			buildConfigurations = (
				4B0B9FE91ABE4D4C00973481 /* Debug */,
				4B0B9FEA1ABE4D4C00973481 /* Release */,
			);
			defaultConfigurationIsVisible = 0;
		};
/* End XCConfigurationList section */
	};
	rootObject = 4B0B9FBE1ABE4D4B00973481 /* Project object */;
}
